
Microsoft Visual Studio Solution File, Format Version 12.00
# Visual Studio Version 16
VisualStudioVersion = 16.0.30503.244
MinimumVisualStudioVersion = 10.0.40219.1
Project("{FAE04EC0-301F-11D3-BF4B-00C04F79EFBC}") = "AnonymousIncomeComparison", "AnonymousIncomeComparison\AnonymousIncomeComparison.csproj", "{B3DC0691-DEDB-489F-8433-A88D9CF8DF6B}"
EndProject
Project("{FAE04EC0-301F-11D3-BF4B-00C04F79EFBC}") = "ArraysAndLists", "ArraysAndLists\ArraysAndLists.csproj", "{9E7E0FD8-B57B-4804-B8D1-EE3E08095125}"
EndProject
Project("{FAE04EC0-301F-11D3-BF4B-00C04F79EFBC}") = "BooleanLogic", "BooleanLogic\BooleanLogic.csproj", "{FB9759A7-AB7F-4A5C-9DEB-189F90EDA812}"
EndProject
Project("{FAE04EC0-301F-11D3-BF4B-00C04F79EFBC}") = "Branching", "Branching\Branching.csproj", "{E50ED8B6-9890-4332-9668-B274E5E225BE}"
EndProject
Project("{FAE04EC0-301F-11D3-BF4B-00C04F79EFBC}") = "Challenges", "Challenges\Challenges.csproj", "{9FF1B961-9C4F-4D9A-8839-AC88B8745B6D}"
EndProject
Project("{FAE04EC0-301F-11D3-BF4B-00C04F79EFBC}") = "ConsoleAppArraysAndLists191", "ConsoleAppArraysAndLists191\ConsoleAppArraysAndLists191.csproj", "{4020284D-21FC-49EF-BA7C-D2DB4A539F11}"
EndProject
Project("{FAE04EC0-301F-11D3-BF4B-00C04F79EFBC}") = "ConsoleAppAssignmentLoops183", "ConsoleAppAssignmentLoops183\ConsoleAppAssignmentLoops183.csproj", "{8A40148C-C564-4EDD-8689-E1B5198788BF}"
EndProject
Project("{FAE04EC0-301F-11D3-BF4B-00C04F79EFBC}") = "ConsoleAppClass216", "ConsoleAppClass216\ConsoleAppClass216.csproj", "{2A622521-E3B3-4D2C-ACCB-B5DA3ECE1237}"
EndProject
Project("{FAE04EC0-301F-11D3-BF4B-00C04F79EFBC}") = "ConsoleAppSixPartStarts197", "ConsoleAppSixPartStarts197\ConsoleAppSixPartStarts197.csproj", "{4CBEBE35-EEB3-4632-A0E9-31F9C185B6C1}"
EndProject
Project("{FAE04EC0-301F-11D3-BF4B-00C04F79EFBC}") = "ConsoleAppInputDiffTypes219", "ConsoleAppInputDiffTypes219\ConsoleAppInputDiffTypes219.csproj", "{754C3E50-53BA-4208-BCED-9A396948C5C6}"
EndProject
Project("{FAE04EC0-301F-11D3-BF4B-00C04F79EFBC}") = "ConsoleAppStep151", "ConsoleAppStep151\ConsoleAppStep151.csproj", "{A9116327-ADDF-4223-A959-600A97A26939}"
EndProject
Project("{FAE04EC0-301F-11D3-BF4B-00C04F79EFBC}") = "ConsoleAppStrings186", "ConsoleAppStrings186\ConsoleAppStrings186.csproj", "{6CA602E1-1648-465B-B13E-6E8581FDE5DE}"
EndProject
Project("{FAE04EC0-301F-11D3-BF4B-00C04F79EFBC}") = "ConsoleAppTryCatch207", "ConsoleAppTryCatch207\ConsoleAppTryCatch207.csproj", "{8C69C3ED-82FA-4A68-9A43-3172958FA4AF}"
EndProject
Project("{FAE04EC0-301F-11D3-BF4B-00C04F79EFBC}") = "DailyReport", "DailyReport\DailyReport.csproj", "{162EB14A-8520-47BD-8103-0BFF4B284D65}"
EndProject
Project("{FAE04EC0-301F-11D3-BF4B-00C04F79EFBC}") = "ExceptionHandling", "ExceptionHandling\ExceptionHandling.csproj", "{1BCDEEE7-00B5-4A5B-8535-50A51A7B8E62}"
EndProject
Project("{FAE04EC0-301F-11D3-BF4B-00C04F79EFBC}") = "InsuranceApproval", "InsuranceApproval\InsuranceApproval.csproj", "{86C5F3EA-B543-4798-A522-A6042BF3B57E}"
EndProject
Project("{FAE04EC0-301F-11D3-BF4B-00C04F79EFBC}") = "Itteration", "Itteration\Itteration.csproj", "{49C1C55B-3C7B-4A23-8CFD-A62615D78677}"
EndProject
Project("{FAE04EC0-301F-11D3-BF4B-00C04F79EFBC}") = "Loops", "Loops\Loops.csproj", "{14E99D36-0E15-4626-B2B0-2C9EDFEC02A6}"
EndProject
Project("{FAE04EC0-301F-11D3-BF4B-00C04F79EFBC}") = "MathAndComparisonOperators", "MathAndComparisonOperators\MathAndComparisonOperators.csproj", "{8FA1130D-F8C6-4764-B870-2328BC9DAE18}"
EndProject
Project("{FAE04EC0-301F-11D3-BF4B-00C04F79EFBC}") = "PackageExpress", "PackageExpress\PackageExpress.csproj", "{810611B7-0D80-4693-A67C-92DD5208FC8C}"
EndProject
Project("{FAE04EC0-301F-11D3-BF4B-00C04F79EFBC}") = "StringFunctions", "StringFunctions\StringFunctions.csproj", "{8DDDB0E2-CCF0-42A3-8C83-5B671FD1C328}"
EndProject
Project("{FAE04EC0-301F-11D3-BF4B-00C04F79EFBC}") = "TwentyOne", "TwentyOne\TwentyOne.csproj", "{F7C0C7E6-9902-4962-B52C-98D755D8219E}"
EndProject
Project("{FAE04EC0-301F-11D3-BF4B-00C04F79EFBC}") = "OptionalParameters220", "OptionalParamaters220\OptionalParameters220.csproj", "{ADB1A43F-FD3A-401C-9AC9-51DB59C434C9}"
EndProject
Project("{FAE04EC0-301F-11D3-BF4B-00C04F79EFBC}") = "ConsoleApp221", "ConsoleApp221\ConsoleApp221.csproj", "{46400AFC-3F1D-4F2F-ABB7-D72F97BB96CB}"
EndProject
Project("{FAE04EC0-301F-11D3-BF4B-00C04F79EFBC}") = "ConsoleApp224", "ConsoleApp224\ConsoleApp224.csproj", "{1A02DF9A-9BB5-4112-BA99-8AC4290B4304}"
EndProject
Project("{FAE04EC0-301F-11D3-BF4B-00C04F79EFBC}") = "ConsoleApp229", "ConsoleApp229\ConsoleApp229.csproj", "{C71D3674-37F7-4FDD-9436-02AC0188A711}"
EndProject
Project("{FAE04EC0-301F-11D3-BF4B-00C04F79EFBC}") = "ConsoleApp237", "ConsoleApp237\ConsoleApp237.csproj", "{7AC2530A-86FF-4BEC-88BF-E3DA89134617}"
EndProject
Project("{FAE04EC0-301F-11D3-BF4B-00C04F79EFBC}") = "ConsoleApp240", "ConsoleApp240\ConsoleApp240.csproj", "{F8D20A29-B41B-4A61-B1C5-2C5BDB6E6A28}"
EndProject
Global
	GlobalSection(SolutionConfigurationPlatforms) = preSolution
		Debug|Any CPU = Debug|Any CPU
		Release|Any CPU = Release|Any CPU
	EndGlobalSection
	GlobalSection(ProjectConfigurationPlatforms) = postSolution
		{B3DC0691-DEDB-489F-8433-A88D9CF8DF6B}.Debug|Any CPU.ActiveCfg = Debug|Any CPU
		{B3DC0691-DEDB-489F-8433-A88D9CF8DF6B}.Debug|Any CPU.Build.0 = Debug|Any CPU
		{B3DC0691-DEDB-489F-8433-A88D9CF8DF6B}.Release|Any CPU.ActiveCfg = Release|Any CPU
		{B3DC0691-DEDB-489F-8433-A88D9CF8DF6B}.Release|Any CPU.Build.0 = Release|Any CPU
		{9E7E0FD8-B57B-4804-B8D1-EE3E08095125}.Debug|Any CPU.ActiveCfg = Debug|Any CPU
		{9E7E0FD8-B57B-4804-B8D1-EE3E08095125}.Debug|Any CPU.Build.0 = Debug|Any CPU
		{9E7E0FD8-B57B-4804-B8D1-EE3E08095125}.Release|Any CPU.ActiveCfg = Release|Any CPU
		{9E7E0FD8-B57B-4804-B8D1-EE3E08095125}.Release|Any CPU.Build.0 = Release|Any CPU
		{FB9759A7-AB7F-4A5C-9DEB-189F90EDA812}.Debug|Any CPU.ActiveCfg = Debug|Any CPU
		{FB9759A7-AB7F-4A5C-9DEB-189F90EDA812}.Debug|Any CPU.Build.0 = Debug|Any CPU
		{FB9759A7-AB7F-4A5C-9DEB-189F90EDA812}.Release|Any CPU.ActiveCfg = Release|Any CPU
		{FB9759A7-AB7F-4A5C-9DEB-189F90EDA812}.Release|Any CPU.Build.0 = Release|Any CPU
		{E50ED8B6-9890-4332-9668-B274E5E225BE}.Debug|Any CPU.ActiveCfg = Debug|Any CPU
		{E50ED8B6-9890-4332-9668-B274E5E225BE}.Debug|Any CPU.Build.0 = Debug|Any CPU
		{E50ED8B6-9890-4332-9668-B274E5E225BE}.Release|Any CPU.ActiveCfg = Release|Any CPU
		{E50ED8B6-9890-4332-9668-B274E5E225BE}.Release|Any CPU.Build.0 = Release|Any CPU
		{9FF1B961-9C4F-4D9A-8839-AC88B8745B6D}.Debug|Any CPU.ActiveCfg = Debug|Any CPU
		{9FF1B961-9C4F-4D9A-8839-AC88B8745B6D}.Debug|Any CPU.Build.0 = Debug|Any CPU
		{9FF1B961-9C4F-4D9A-8839-AC88B8745B6D}.Release|Any CPU.ActiveCfg = Release|Any CPU
		{9FF1B961-9C4F-4D9A-8839-AC88B8745B6D}.Release|Any CPU.Build.0 = Release|Any CPU
		{4020284D-21FC-49EF-BA7C-D2DB4A539F11}.Debug|Any CPU.ActiveCfg = Debug|Any CPU
		{4020284D-21FC-49EF-BA7C-D2DB4A539F11}.Debug|Any CPU.Build.0 = Debug|Any CPU
		{4020284D-21FC-49EF-BA7C-D2DB4A539F11}.Release|Any CPU.ActiveCfg = Release|Any CPU
		{4020284D-21FC-49EF-BA7C-D2DB4A539F11}.Release|Any CPU.Build.0 = Release|Any CPU
		{8A40148C-C564-4EDD-8689-E1B5198788BF}.Debug|Any CPU.ActiveCfg = Debug|Any CPU
		{8A40148C-C564-4EDD-8689-E1B5198788BF}.Debug|Any CPU.Build.0 = Debug|Any CPU
		{8A40148C-C564-4EDD-8689-E1B5198788BF}.Release|Any CPU.ActiveCfg = Release|Any CPU
		{8A40148C-C564-4EDD-8689-E1B5198788BF}.Release|Any CPU.Build.0 = Release|Any CPU
		{2A622521-E3B3-4D2C-ACCB-B5DA3ECE1237}.Debug|Any CPU.ActiveCfg = Debug|Any CPU
		{2A622521-E3B3-4D2C-ACCB-B5DA3ECE1237}.Debug|Any CPU.Build.0 = Debug|Any CPU
		{2A622521-E3B3-4D2C-ACCB-B5DA3ECE1237}.Release|Any CPU.ActiveCfg = Release|Any CPU
		{2A622521-E3B3-4D2C-ACCB-B5DA3ECE1237}.Release|Any CPU.Build.0 = Release|Any CPU
		{4CBEBE35-EEB3-4632-A0E9-31F9C185B6C1}.Debug|Any CPU.ActiveCfg = Debug|Any CPU
		{4CBEBE35-EEB3-4632-A0E9-31F9C185B6C1}.Debug|Any CPU.Build.0 = Debug|Any CPU
		{4CBEBE35-EEB3-4632-A0E9-31F9C185B6C1}.Release|Any CPU.ActiveCfg = Release|Any CPU
		{4CBEBE35-EEB3-4632-A0E9-31F9C185B6C1}.Release|Any CPU.Build.0 = Release|Any CPU
		{754C3E50-53BA-4208-BCED-9A396948C5C6}.Debug|Any CPU.ActiveCfg = Debug|Any CPU
		{754C3E50-53BA-4208-BCED-9A396948C5C6}.Debug|Any CPU.Build.0 = Debug|Any CPU
		{754C3E50-53BA-4208-BCED-9A396948C5C6}.Release|Any CPU.ActiveCfg = Release|Any CPU
		{754C3E50-53BA-4208-BCED-9A396948C5C6}.Release|Any CPU.Build.0 = Release|Any CPU
		{A9116327-ADDF-4223-A959-600A97A26939}.Debug|Any CPU.ActiveCfg = Debug|Any CPU
		{A9116327-ADDF-4223-A959-600A97A26939}.Debug|Any CPU.Build.0 = Debug|Any CPU
		{A9116327-ADDF-4223-A959-600A97A26939}.Release|Any CPU.ActiveCfg = Release|Any CPU
		{A9116327-ADDF-4223-A959-600A97A26939}.Release|Any CPU.Build.0 = Release|Any CPU
		{6CA602E1-1648-465B-B13E-6E8581FDE5DE}.Debug|Any CPU.ActiveCfg = Debug|Any CPU
		{6CA602E1-1648-465B-B13E-6E8581FDE5DE}.Debug|Any CPU.Build.0 = Debug|Any CPU
		{6CA602E1-1648-465B-B13E-6E8581FDE5DE}.Release|Any CPU.ActiveCfg = Release|Any CPU
		{6CA602E1-1648-465B-B13E-6E8581FDE5DE}.Release|Any CPU.Build.0 = Release|Any CPU
		{8C69C3ED-82FA-4A68-9A43-3172958FA4AF}.Debug|Any CPU.ActiveCfg = Debug|Any CPU
		{8C69C3ED-82FA-4A68-9A43-3172958FA4AF}.Debug|Any CPU.Build.0 = Debug|Any CPU
		{8C69C3ED-82FA-4A68-9A43-3172958FA4AF}.Release|Any CPU.ActiveCfg = Release|Any CPU
		{8C69C3ED-82FA-4A68-9A43-3172958FA4AF}.Release|Any CPU.Build.0 = Release|Any CPU
		{162EB14A-8520-47BD-8103-0BFF4B284D65}.Debug|Any CPU.ActiveCfg = Debug|Any CPU
		{162EB14A-8520-47BD-8103-0BFF4B284D65}.Debug|Any CPU.Build.0 = Debug|Any CPU
		{162EB14A-8520-47BD-8103-0BFF4B284D65}.Release|Any CPU.ActiveCfg = Release|Any CPU
		{162EB14A-8520-47BD-8103-0BFF4B284D65}.Release|Any CPU.Build.0 = Release|Any CPU
		{1BCDEEE7-00B5-4A5B-8535-50A51A7B8E62}.Debug|Any CPU.ActiveCfg = Debug|Any CPU
		{1BCDEEE7-00B5-4A5B-8535-50A51A7B8E62}.Debug|Any CPU.Build.0 = Debug|Any CPU
		{1BCDEEE7-00B5-4A5B-8535-50A51A7B8E62}.Release|Any CPU.ActiveCfg = Release|Any CPU
		{1BCDEEE7-00B5-4A5B-8535-50A51A7B8E62}.Release|Any CPU.Build.0 = Release|Any CPU
		{86C5F3EA-B543-4798-A522-A6042BF3B57E}.Debug|Any CPU.ActiveCfg = Debug|Any CPU
		{86C5F3EA-B543-4798-A522-A6042BF3B57E}.Debug|Any CPU.Build.0 = Debug|Any CPU
		{86C5F3EA-B543-4798-A522-A6042BF3B57E}.Release|Any CPU.ActiveCfg = Release|Any CPU
		{86C5F3EA-B543-4798-A522-A6042BF3B57E}.Release|Any CPU.Build.0 = Release|Any CPU
		{49C1C55B-3C7B-4A23-8CFD-A62615D78677}.Debug|Any CPU.ActiveCfg = Debug|Any CPU
		{49C1C55B-3C7B-4A23-8CFD-A62615D78677}.Debug|Any CPU.Build.0 = Debug|Any CPU
		{49C1C55B-3C7B-4A23-8CFD-A62615D78677}.Release|Any CPU.ActiveCfg = Release|Any CPU
		{49C1C55B-3C7B-4A23-8CFD-A62615D78677}.Release|Any CPU.Build.0 = Release|Any CPU
		{14E99D36-0E15-4626-B2B0-2C9EDFEC02A6}.Debug|Any CPU.ActiveCfg = Debug|Any CPU
		{14E99D36-0E15-4626-B2B0-2C9EDFEC02A6}.Debug|Any CPU.Build.0 = Debug|Any CPU
		{14E99D36-0E15-4626-B2B0-2C9EDFEC02A6}.Release|Any CPU.ActiveCfg = Release|Any CPU
		{14E99D36-0E15-4626-B2B0-2C9EDFEC02A6}.Release|Any CPU.Build.0 = Release|Any CPU
		{8FA1130D-F8C6-4764-B870-2328BC9DAE18}.Debug|Any CPU.ActiveCfg = Debug|Any CPU
		{8FA1130D-F8C6-4764-B870-2328BC9DAE18}.Debug|Any CPU.Build.0 = Debug|Any CPU
		{8FA1130D-F8C6-4764-B870-2328BC9DAE18}.Release|Any CPU.ActiveCfg = Release|Any CPU
		{8FA1130D-F8C6-4764-B870-2328BC9DAE18}.Release|Any CPU.Build.0 = Release|Any CPU
		{810611B7-0D80-4693-A67C-92DD5208FC8C}.Debug|Any CPU.ActiveCfg = Debug|Any CPU
		{810611B7-0D80-4693-A67C-92DD5208FC8C}.Debug|Any CPU.Build.0 = Debug|Any CPU
		{810611B7-0D80-4693-A67C-92DD5208FC8C}.Release|Any CPU.ActiveCfg = Release|Any CPU
		{810611B7-0D80-4693-A67C-92DD5208FC8C}.Release|Any CPU.Build.0 = Release|Any CPU
		{8DDDB0E2-CCF0-42A3-8C83-5B671FD1C328}.Debug|Any CPU.ActiveCfg = Debug|Any CPU
		{8DDDB0E2-CCF0-42A3-8C83-5B671FD1C328}.Debug|Any CPU.Build.0 = Debug|Any CPU
		{8DDDB0E2-CCF0-42A3-8C83-5B671FD1C328}.Release|Any CPU.ActiveCfg = Release|Any CPU
		{8DDDB0E2-CCF0-42A3-8C83-5B671FD1C328}.Release|Any CPU.Build.0 = Release|Any CPU
		{F7C0C7E6-9902-4962-B52C-98D755D8219E}.Debug|Any CPU.ActiveCfg = Debug|Any CPU
		{F7C0C7E6-9902-4962-B52C-98D755D8219E}.Debug|Any CPU.Build.0 = Debug|Any CPU
		{F7C0C7E6-9902-4962-B52C-98D755D8219E}.Release|Any CPU.ActiveCfg = Release|Any CPU
		{F7C0C7E6-9902-4962-B52C-98D755D8219E}.Release|Any CPU.Build.0 = Release|Any CPU
		{ADB1A43F-FD3A-401C-9AC9-51DB59C434C9}.Debug|Any CPU.ActiveCfg = Debug|Any CPU
		{ADB1A43F-FD3A-401C-9AC9-51DB59C434C9}.Debug|Any CPU.Build.0 = Debug|Any CPU
		{ADB1A43F-FD3A-401C-9AC9-51DB59C434C9}.Release|Any CPU.ActiveCfg = Release|Any CPU
		{ADB1A43F-FD3A-401C-9AC9-51DB59C434C9}.Release|Any CPU.Build.0 = Release|Any CPU
		{46400AFC-3F1D-4F2F-ABB7-D72F97BB96CB}.Debug|Any CPU.ActiveCfg = Debug|Any CPU
		{46400AFC-3F1D-4F2F-ABB7-D72F97BB96CB}.Debug|Any CPU.Build.0 = Debug|Any CPU
		{46400AFC-3F1D-4F2F-ABB7-D72F97BB96CB}.Release|Any CPU.ActiveCfg = Release|Any CPU
		{46400AFC-3F1D-4F2F-ABB7-D72F97BB96CB}.Release|Any CPU.Build.0 = Release|Any CPU
		{1A02DF9A-9BB5-4112-BA99-8AC4290B4304}.Debug|Any CPU.ActiveCfg = Debug|Any CPU
		{1A02DF9A-9BB5-4112-BA99-8AC4290B4304}.Debug|Any CPU.Build.0 = Debug|Any CPU
		{1A02DF9A-9BB5-4112-BA99-8AC4290B4304}.Release|Any CPU.ActiveCfg = Release|Any CPU
		{1A02DF9A-9BB5-4112-BA99-8AC4290B4304}.Release|Any CPU.Build.0 = Release|Any CPU
		{C71D3674-37F7-4FDD-9436-02AC0188A711}.Debug|Any CPU.ActiveCfg = Debug|Any CPU
		{C71D3674-37F7-4FDD-9436-02AC0188A711}.Debug|Any CPU.Build.0 = Debug|Any CPU
		{C71D3674-37F7-4FDD-9436-02AC0188A711}.Release|Any CPU.ActiveCfg = Release|Any CPU
		{C71D3674-37F7-4FDD-9436-02AC0188A711}.Release|Any CPU.Build.0 = Release|Any CPU
		{7AC2530A-86FF-4BEC-88BF-E3DA89134617}.Debug|Any CPU.ActiveCfg = Debug|Any CPU
		{7AC2530A-86FF-4BEC-88BF-E3DA89134617}.Debug|Any CPU.Build.0 = Debug|Any CPU
		{7AC2530A-86FF-4BEC-88BF-E3DA89134617}.Release|Any CPU.ActiveCfg = Release|Any CPU
		{7AC2530A-86FF-4BEC-88BF-E3DA89134617}.Release|Any CPU.Build.0 = Release|Any CPU
		{F8D20A29-B41B-4A61-B1C5-2C5BDB6E6A28}.Debug|Any CPU.ActiveCfg = Debug|Any CPU
		{F8D20A29-B41B-4A61-B1C5-2C5BDB6E6A28}.Debug|Any CPU.Build.0 = Debug|Any CPU
		{F8D20A29-B41B-4A61-B1C5-2C5BDB6E6A28}.Release|Any CPU.ActiveCfg = Release|Any CPU
		{F8D20A29-B41B-4A61-B1C5-2C5BDB6E6A28}.Release|Any CPU.Build.0 = Release|Any CPU
	EndGlobalSection
	GlobalSection(SolutionProperties) = preSolution
		HideSolutionNode = FALSE
	EndGlobalSection
	GlobalSection(ExtensibilityGlobals) = postSolution
		SolutionGuid = {BC69129F-C887-4C30-AD05-474B11A5B507}
	EndGlobalSection
EndGlobal
